
Microsoft Visual Studio Solution File, Format Version 12.00
# Visual Studio 15
VisualStudioVersion = 15.0.27130.2024
MinimumVisualStudioVersion = 10.0.40219.1
Project("{FAE04EC0-301F-11D3-BF4B-00C04F79EFBC}") = "DocumentEditor", "DocumentEditor\DocumentEditor.csproj", "{B54CDA32-2454-4CB7-8113-F876B08E657C}"
EndProject
Global
	GlobalSection(SolutionConfigurationPlatforms) = preSolution
		Debug|Any CPU = Debug|Any CPU
		Release|Any CPU = Release|Any CPU
	EndGlobalSection
	GlobalSection(ProjectConfigurationPlatforms) = postSolution
		{B54CDA32-2454-4CB7-8113-F876B08E657C}.Debug|Any CPU.ActiveCfg = Debug|Any CPU
		{B54CDA32-2454-4CB7-8113-F876B08E657C}.Debug|Any CPU.Build.0 = Debug|Any CPU
		{B54CDA32-2454-4CB7-8113-F876B08E657C}.Release|Any CPU.ActiveCfg = Release|Any CPU
		{B54CDA32-2454-4CB7-8113-F876B08E657C}.Release|Any CPU.Build.0 = Release|Any CPU
	EndGlobalSection
	GlobalSection(SolutionProperties) = preSolution
		HideSolutionNode = FALSE
	EndGlobalSection
	GlobalSection(ExtensibilityGlobals) = postSolution
		SolutionGuid = {F209AE94-CE0A-489B-8E3D-1418F81C2527}
	EndGlobalSection
EndGlobal
